
Microsoft Visual Studio Solution File, Format Version 12.00
# Visual Studio 2012
# SharpDevelop 5.1
VisualStudioVersion = 12.0.20827.3
MinimumVisualStudioVersion = 10.0.40219.1
Project("{FAE04EC0-301F-11D3-BF4B-00C04F79EFBC}") = "MusicList", "MusicList\MusicList.csproj", "{F482A155-D9F8-4698-833A-C0BB739CDA95}"
EndProject
Project("{FAE04EC0-301F-11D3-BF4B-00C04F79EFBC}") = "MusicListLibrary", "MusicListLibrary\MusicListLibrary.csproj", "{111CD1FA-2A62-442F-A4F4-2D1357328AAF}"
EndProject
Project("{FAE04EC0-301F-11D3-BF4B-00C04F79EFBC}") = "CustomControls", "CustomControls\CustomControls.csproj", "{3C470348-F082-4234-8A24-A85BBB98C960}"
EndProject
Global
	GlobalSection(SolutionConfigurationPlatforms) = preSolution
		Debug|Any CPU = Debug|Any CPU
		Release|Any CPU = Release|Any CPU
	EndGlobalSection
	GlobalSection(ProjectConfigurationPlatforms) = postSolution
		{F482A155-D9F8-4698-833A-C0BB739CDA95}.Debug|Any CPU.ActiveCfg = Debug|Any CPU
		{F482A155-D9F8-4698-833A-C0BB739CDA95}.Debug|Any CPU.Build.0 = Debug|Any CPU
		{F482A155-D9F8-4698-833A-C0BB739CDA95}.Release|Any CPU.ActiveCfg = Release|Any CPU
		{F482A155-D9F8-4698-833A-C0BB739CDA95}.Release|Any CPU.Build.0 = Release|Any CPU
		{111CD1FA-2A62-442F-A4F4-2D1357328AAF}.Debug|Any CPU.ActiveCfg = Debug|Any CPU
		{111CD1FA-2A62-442F-A4F4-2D1357328AAF}.Debug|Any CPU.Build.0 = Debug|Any CPU
		{111CD1FA-2A62-442F-A4F4-2D1357328AAF}.Release|Any CPU.ActiveCfg = Release|Any CPU
		{111CD1FA-2A62-442F-A4F4-2D1357328AAF}.Release|Any CPU.Build.0 = Release|Any CPU
		{3C470348-F082-4234-8A24-A85BBB98C960}.Debug|Any CPU.ActiveCfg = Debug|Any CPU
		{3C470348-F082-4234-8A24-A85BBB98C960}.Debug|Any CPU.Build.0 = Debug|Any CPU
		{3C470348-F082-4234-8A24-A85BBB98C960}.Release|Any CPU.ActiveCfg = Release|Any CPU
		{3C470348-F082-4234-8A24-A85BBB98C960}.Release|Any CPU.Build.0 = Release|Any CPU
	EndGlobalSection
EndGlobal
